Microsoft Visual Studio Solution File, Format Version 12.00
# Visual Studio Version 17
VisualStudioVersion = 17.5.2.0
MinimumVisualStudioVersion = 10.0.40219.1
Project("{FAE04EC0-301F-11D3-BF4B-00C04F79EFBC}") = "manipulacaoStrings", "manipulacaoStrings.csproj", "{39469024-EC1E-F8F9-DD09-70D2D307A2D7}"
EndProject
Global
	GlobalSection(SolutionConfigurationPlatforms) = preSolution
		Debug|Any CPU = Debug|Any CPU
		Release|Any CPU = Release|Any CPU
	EndGlobalSection
	GlobalSection(ProjectConfigurationPlatforms) = postSolution
		{39469024-EC1E-F8F9-DD09-70D2D307A2D7}.Debug|Any CPU.ActiveCfg = Debug|Any CPU
		{39469024-EC1E-F8F9-DD09-70D2D307A2D7}.Debug|Any CPU.Build.0 = Debug|Any CPU
		{39469024-EC1E-F8F9-DD09-70D2D307A2D7}.Release|Any CPU.ActiveCfg = Release|Any CPU
		{39469024-EC1E-F8F9-DD09-70D2D307A2D7}.Release|Any CPU.Build.0 = Release|Any CPU
	EndGlobalSection
	GlobalSection(SolutionProperties) = preSolution
		HideSolutionNode = FALSE
	EndGlobalSection
	GlobalSection(ExtensibilityGlobals) = postSolution
		SolutionGuid = {57C5FA05-AB7D-4E29-ADC1-BCEB35DA6AC9}
	EndGlobalSection
EndGlobal
